GEM
  remote: https://rubygems.org/
  specs:
    activesupport (6.1.0)
      concurrent-ruby (~> 1.0, >= 1.0.2)
      i18n (>= 1.6, < 2)
      minitest (>= 5.1)
      tzinfo (~> 2.0)
      zeitwerk (~> 2.3)
    addressable (2.7.0)
      public_suffix (>= 2.0.2, < 5.0)
    bundler-audit (0.7.0.1)
      bundler (>= 1.2.0, < 3)
      thor (>= 0.18, < 2)
    code_analyzer (0.5.2)
      sexp_processor
    concurrent-ruby (1.1.7)
    erubis (2.7.0)
    faraday (1.3.0)
      faraday-net_http (~> 1.0)
      multipart-post (>= 1.2, < 3)
      ruby2_keywords
    faraday-net_http (1.0.0)
    gitlab (4.17.0)
      httparty (~> 0.18)
      terminal-table (~> 1.5, >= 1.5.1)
    httparty (0.18.1)
      mime-types (~> 3.0)
      multi_xml (>= 0.5.2)
    i18n (1.8.7)
      concurrent-ruby (~> 1.0)
    json (2.5.1)
    mime-types (3.3.1)
      mime-types-data (~> 3.2015)
    mime-types-data (3.2020.1104)
    minitest (5.14.2)
    multi_xml (0.6.0)
    multipart-post (2.1.1)
    octokit (4.20.0)
      faraday (>= 0.9)
      sawyer (~> 0.8.0, >= 0.5.3)
    oj (2.18.5)
    poper (0.2.3)
      rugged (~> 0.23, >= 0.23.0)
      thor (~> 0.20.0)
    pronto (0.10.0)
      gitlab (~> 4.0, >= 4.0.0)
      httparty (>= 0.13.7)
      octokit (~> 4.7, >= 4.7.0)
      rainbow (>= 2.2, < 4.0)
      rugged (~> 0.24, >= 0.23.0)
      thor (~> 0.20.0)
    pronto-bundler_audit (0.6.0)
      bundler-audit (~> 0)
      pronto (~> 0)
    pronto-json (0.1.5)
      oj (~> 2.0)
      pronto (~> 0.9)
    pronto-poper (0.10.0)
      poper (~> 0.2.0)
      pronto (~> 0.10.0)
    pronto-rails_best_practices (0.10.0)
      pronto (~> 0.10.0)
      rails_best_practices (~> 1.16, >= 1.15.0)
    pronto-rails_schema (0.10.0)
      pronto (~> 0.10.0)
    pronto-sorbet (0.2.0)
      pronto (~> 0.10.0)
      sorbet (~> 0.5.0)
    pronto-yamllint (0.1.2)
      pronto (~> 0.10.0)
    public_suffix (4.0.6)
    rails_best_practices (1.20.0)
      activesupport
      code_analyzer (>= 0.5.1)
      erubis
      i18n
      json
      require_all (~> 3.0)
      ruby-progressbar
    rainbow (3.0.0)
    require_all (3.0.0)
    ruby-progressbar (1.11.0)
    ruby2_keywords (0.0.2)
    rugged (0.99.0)
    sawyer (0.8.2)
      addressable (>= 2.3.5)
      faraday (> 0.8, < 2.0)
    sexp_processor (4.15.1)
    sorbet (0.5.6189)
      sorbet-static (= 0.5.6189)
    sorbet-static (0.5.6189-universal-darwin-14)
    terminal-table (1.8.0)
      unicode-display_width (~> 1.1, >= 1.1.1)
    thor (0.20.3)
    tzinfo (2.0.4)
      concurrent-ruby (~> 1.0)
    unicode-display_width (1.7.0)
    zeitwerk (2.4.2)

PLATFORMS
  ruby

DEPENDENCIES
  pronto
  pronto-bundler_audit
  pronto-json
  pronto-poper
  pronto-rails_best_practices
  pronto-rails_schema
  pronto-sorbet
  pronto-yamllint

BUNDLED WITH
   1.17.2
